
Microsoft Visual Studio Solution File, Format Version 12.00
# Visual Studio 15
VisualStudioVersion = 15.0.28010.2026
MinimumVisualStudioVersion = 10.0.40219.1
Project("{FAE04EC0-301F-11D3-BF4B-00C04F79EFBC}") = "InClassLab10", "InClassLab10\InClassLab10.csproj", "{D233A5AD-7FB5-407A-A1E7-5271F70C4B98}"
EndProject
Global
	GlobalSection(SolutionConfigurationPlatforms) = preSolution
		Debug|Any CPU = Debug|Any CPU
		Release|Any CPU = Release|Any CPU
	EndGlobalSection
	GlobalSection(ProjectConfigurationPlatforms) = postSolution
		{D233A5AD-7FB5-407A-A1E7-5271F70C4B98}.Debug|Any CPU.ActiveCfg = Debug|Any CPU
		{D233A5AD-7FB5-407A-A1E7-5271F70C4B98}.Debug|Any CPU.Build.0 = Debug|Any CPU
		{D233A5AD-7FB5-407A-A1E7-5271F70C4B98}.Release|Any CPU.ActiveCfg = Release|Any CPU
		{D233A5AD-7FB5-407A-A1E7-5271F70C4B98}.Release|Any CPU.Build.0 = Release|Any CPU
	EndGlobalSection
	GlobalSection(SolutionProperties) = preSolution
		HideSolutionNode = FALSE
	EndGlobalSection
	GlobalSection(ExtensibilityGlobals) = postSolution
		SolutionGuid = {18261F83-17DE-4D2C-BECE-D133139070D6}
	EndGlobalSection
EndGlobal
